
Microsoft Visual Studio Solution File, Format Version 12.00
# Visual Studio Version 17
VisualStudioVersion = 17.9.34714.143
MinimumVisualStudioVersion = 10.0.40219.1
Project("{FAE04EC0-301F-11D3-BF4B-00C04F79EFBC}") = "praktika", "praktika\praktika.csproj", "{4E6FA924-B98E-498D-8AF0-A4B41B8781DD}"
EndProject
Global
	GlobalSection(SolutionConfigurationPlatforms) = preSolution
		Debug|Any CPU = Debug|Any CPU
		Release|Any CPU = Release|Any CPU
	EndGlobalSection
	GlobalSection(ProjectConfigurationPlatforms) = postSolution
		{4E6FA924-B98E-498D-8AF0-A4B41B8781DD}.Debug|Any CPU.ActiveCfg = Debug|Any CPU
		{4E6FA924-B98E-498D-8AF0-A4B41B8781DD}.Debug|Any CPU.Build.0 = Debug|Any CPU
		{4E6FA924-B98E-498D-8AF0-A4B41B8781DD}.Release|Any CPU.ActiveCfg = Release|Any CPU
		{4E6FA924-B98E-498D-8AF0-A4B41B8781DD}.Release|Any CPU.Build.0 = Release|Any CPU
	EndGlobalSection
	GlobalSection(SolutionProperties) = preSolution
		HideSolutionNode = FALSE
	EndGlobalSection
	GlobalSection(ExtensibilityGlobals) = postSolution
		SolutionGuid = {EB2B1A35-ACE4-4B19-BC20-39997D65F284}
	EndGlobalSection
EndGlobal
